
Microsoft Visual Studio Solution File, Format Version 10.00
# Visual Studio 2008
Project("{D183A3D8-5FD8-494B-B014-37F57B35E655}") = "PostETLStreamline", "PostETLStreamline\PostETLStreamline.dtproj", "{5C26C9E1-E9B6-4D95-9CBE-35767410AA30}"
EndProject
Global
	GlobalSection(SolutionConfigurationPlatforms) = preSolution
		Development|Default = Development|Default
	EndGlobalSection
	GlobalSection(ProjectConfigurationPlatforms) = postSolution
		{5C26C9E1-E9B6-4D95-9CBE-35767410AA30}.Development|Default.ActiveCfg = Development
		{5C26C9E1-E9B6-4D95-9CBE-35767410AA30}.Development|Default.Build.0 = Development
	EndGlobalSection
	GlobalSection(SolutionProperties) = preSolution
		HideSolutionNode = FALSE
	EndGlobalSection
EndGlobal
