
Microsoft Visual Studio Solution File, Format Version 12.00
# Visual Studio 15
VisualStudioVersion = 15.0.26730.12
MinimumVisualStudioVersion = 10.0.40219.1
Project("{FAE04EC0-301F-11D3-BF4B-00C04F79EFBC}") = "USPSAddressVerifier", "USPSAddressVerifier\USPSAddressVerifier.csproj", "{4BF0AA7F-554F-4C00-9DD5-295EA52D8A2B}"
EndProject
Project("{FAE04EC0-301F-11D3-BF4B-00C04F79EFBC}") = "USPSAddressVerifierDesktop", "USPSAddressVerifierDesktop\USPSAddressVerifierDesktop.csproj", "{229CB881-482E-4B79-B111-6078ED0DA371}"
EndProject
Project("{FAE04EC0-301F-11D3-BF4B-00C04F79EFBC}") = "USPSAddressVerifier.Lib", "USPSAddressVerifier.Lib\USPSAddressVerifier.Lib.csproj", "{D1C513A7-E750-4020-964D-88BFC47C8D71}"
EndProject
Project("{FAE04EC0-301F-11D3-BF4B-00C04F79EFBC}") = "PharmMDFinal.Lib", "PharmMDFinal.Lib\PharmMDFinal.Lib.csproj", "{B7ABDA4F-DD44-4220-8641-F7DFD41471D9}"
EndProject
Global
	GlobalSection(SolutionConfigurationPlatforms) = preSolution
		Debug|Any CPU = Debug|Any CPU
		Release|Any CPU = Release|Any CPU
	EndGlobalSection
	GlobalSection(ProjectConfigurationPlatforms) = postSolution
		{4BF0AA7F-554F-4C00-9DD5-295EA52D8A2B}.Debug|Any CPU.ActiveCfg = Debug|Any CPU
		{4BF0AA7F-554F-4C00-9DD5-295EA52D8A2B}.Debug|Any CPU.Build.0 = Debug|Any CPU
		{4BF0AA7F-554F-4C00-9DD5-295EA52D8A2B}.Release|Any CPU.ActiveCfg = Release|Any CPU
		{4BF0AA7F-554F-4C00-9DD5-295EA52D8A2B}.Release|Any CPU.Build.0 = Release|Any CPU
		{229CB881-482E-4B79-B111-6078ED0DA371}.Debug|Any CPU.ActiveCfg = Debug|Any CPU
		{229CB881-482E-4B79-B111-6078ED0DA371}.Debug|Any CPU.Build.0 = Debug|Any CPU
		{229CB881-482E-4B79-B111-6078ED0DA371}.Release|Any CPU.ActiveCfg = Release|Any CPU
		{229CB881-482E-4B79-B111-6078ED0DA371}.Release|Any CPU.Build.0 = Release|Any CPU
		{D1C513A7-E750-4020-964D-88BFC47C8D71}.Debug|Any CPU.ActiveCfg = Debug|Any CPU
		{D1C513A7-E750-4020-964D-88BFC47C8D71}.Debug|Any CPU.Build.0 = Debug|Any CPU
		{D1C513A7-E750-4020-964D-88BFC47C8D71}.Release|Any CPU.ActiveCfg = Release|Any CPU
		{D1C513A7-E750-4020-964D-88BFC47C8D71}.Release|Any CPU.Build.0 = Release|Any CPU
		{B7ABDA4F-DD44-4220-8641-F7DFD41471D9}.Debug|Any CPU.ActiveCfg = Debug|Any CPU
		{B7ABDA4F-DD44-4220-8641-F7DFD41471D9}.Debug|Any CPU.Build.0 = Debug|Any CPU
		{B7ABDA4F-DD44-4220-8641-F7DFD41471D9}.Release|Any CPU.ActiveCfg = Release|Any CPU
		{B7ABDA4F-DD44-4220-8641-F7DFD41471D9}.Release|Any CPU.Build.0 = Release|Any CPU
	EndGlobalSection
	GlobalSection(SolutionProperties) = preSolution
		HideSolutionNode = FALSE
	EndGlobalSection
	GlobalSection(ExtensibilityGlobals) = postSolution
		SolutionGuid = {5E381E00-9940-42EE-85B1-EDC386F4DFC3}
	EndGlobalSection
EndGlobal
