
Microsoft Visual Studio Solution File, Format Version 10.00
# Visual Studio 2008
Project("{D183A3D8-5FD8-494B-B014-37F57B35E655}") = "move to Postgres", "move to Postgres\move to Postgres.dtproj", "{461BD6D3-E9EB-46B9-8B82-EB1701AE9E9B}"
EndProject
Global
	GlobalSection(SolutionConfigurationPlatforms) = preSolution
		Development|Default = Development|Default
	EndGlobalSection
	GlobalSection(ProjectConfigurationPlatforms) = postSolution
		{461BD6D3-E9EB-46B9-8B82-EB1701AE9E9B}.Development|Default.ActiveCfg = Development
		{461BD6D3-E9EB-46B9-8B82-EB1701AE9E9B}.Development|Default.Build.0 = Development
	EndGlobalSection
	GlobalSection(SolutionProperties) = preSolution
		HideSolutionNode = FALSE
	EndGlobalSection
EndGlobal
