
Microsoft Visual Studio Solution File, Format Version 10.00
# Visual Studio 2008
Project("{D183A3D8-5FD8-494B-B014-37F57B35E655}") = "Import_ReturnedLetter_Data", "Import_ReturnedLetter_Data\Import_ReturnedLetter_Data.dtproj", "{BDBD9D21-6745-4184-B51C-495632753C68}"
EndProject
Global
	GlobalSection(SolutionConfigurationPlatforms) = preSolution
		Development|Default = Development|Default
	EndGlobalSection
	GlobalSection(ProjectConfigurationPlatforms) = postSolution
		{BDBD9D21-6745-4184-B51C-495632753C68}.Development|Default.ActiveCfg = Development
		{BDBD9D21-6745-4184-B51C-495632753C68}.Development|Default.Build.0 = Development
	EndGlobalSection
	GlobalSection(SolutionProperties) = preSolution
		HideSolutionNode = FALSE
	EndGlobalSection
EndGlobal
