
Microsoft Visual Studio Solution File, Format Version 10.00
# Visual Studio 2008
Project("{D183A3D8-5FD8-494B-B014-37F57B35E655}") = "com.pharmmd.P3PhoneNumberSync", "com.pharmmd.P3PhoneNumberSync.dtproj", "{3952F2C6-6BE9-4686-9148-D83546A59895}"
EndProject
Global
	GlobalSection(SolutionConfigurationPlatforms) = preSolution
		Development|Default = Development|Default
	EndGlobalSection
	GlobalSection(ProjectConfigurationPlatforms) = postSolution
		{3952F2C6-6BE9-4686-9148-D83546A59895}.Development|Default.ActiveCfg = Development
		{3952F2C6-6BE9-4686-9148-D83546A59895}.Development|Default.Build.0 = Development
	EndGlobalSection
	GlobalSection(SolutionProperties) = preSolution
		HideSolutionNode = FALSE
	EndGlobalSection
EndGlobal
