
Microsoft Visual Studio Solution File, Format Version 12.00
# Visual Studio 15
VisualStudioVersion = 15.0.26730.12
MinimumVisualStudioVersion = 10.0.40219.1
Project("{FAE04EC0-301F-11D3-BF4B-00C04F79EFBC}") = "WhitePagesFindPersonAPI", "WhitePagesFindPersonAPI\WhitePagesFindPersonAPI.csproj", "{47E4BD42-1410-41E4-A493-3712D131EE31}"
EndProject
Project("{FAE04EC0-301F-11D3-BF4B-00C04F79EFBC}") = "FillODSBasePhoneNumbers", "FillODSBasePhoneNumbers\FillODSBasePhoneNumbers.csproj", "{E221D204-29DC-46E4-9C23-FB36B8E1362E}"
EndProject
Project("{FAE04EC0-301F-11D3-BF4B-00C04F79EFBC}") = "WhitePagesFindBusinessAPI", "WhitePagesFindBusinessAPI\WhitePagesFindBusinessAPI.csproj", "{612AC304-F3D2-4AD5-BF2D-79826277F4E6}"
EndProject
Project("{FAE04EC0-301F-11D3-BF4B-00C04F79EFBC}") = "WhitePagesReversePhoneAPI", "WhitePagesReversePhone\WhitePagesReversePhoneAPI.csproj", "{B877C287-E335-49AD-9ABA-D522A6C6AA9D}"
EndProject
Global
	GlobalSection(SolutionConfigurationPlatforms) = preSolution
		ComplexCase|Any CPU = ComplexCase|Any CPU
		Debug|Any CPU = Debug|Any CPU
		Release|Any CPU = Release|Any CPU
	EndGlobalSection
	GlobalSection(ProjectConfigurationPlatforms) = postSolution
		{47E4BD42-1410-41E4-A493-3712D131EE31}.ComplexCase|Any CPU.ActiveCfg = ComplexCase|Any CPU
		{47E4BD42-1410-41E4-A493-3712D131EE31}.ComplexCase|Any CPU.Build.0 = ComplexCase|Any CPU
		{47E4BD42-1410-41E4-A493-3712D131EE31}.Debug|Any CPU.ActiveCfg = Debug|Any CPU
		{47E4BD42-1410-41E4-A493-3712D131EE31}.Debug|Any CPU.Build.0 = Debug|Any CPU
		{47E4BD42-1410-41E4-A493-3712D131EE31}.Release|Any CPU.ActiveCfg = Release|Any CPU
		{47E4BD42-1410-41E4-A493-3712D131EE31}.Release|Any CPU.Build.0 = Release|Any CPU
		{E221D204-29DC-46E4-9C23-FB36B8E1362E}.ComplexCase|Any CPU.ActiveCfg = ComplexCase|Any CPU
		{E221D204-29DC-46E4-9C23-FB36B8E1362E}.ComplexCase|Any CPU.Build.0 = ComplexCase|Any CPU
		{E221D204-29DC-46E4-9C23-FB36B8E1362E}.Debug|Any CPU.ActiveCfg = Debug|Any CPU
		{E221D204-29DC-46E4-9C23-FB36B8E1362E}.Debug|Any CPU.Build.0 = Debug|Any CPU
		{E221D204-29DC-46E4-9C23-FB36B8E1362E}.Release|Any CPU.ActiveCfg = Release|Any CPU
		{E221D204-29DC-46E4-9C23-FB36B8E1362E}.Release|Any CPU.Build.0 = Release|Any CPU
		{612AC304-F3D2-4AD5-BF2D-79826277F4E6}.ComplexCase|Any CPU.ActiveCfg = ComplexCase|Any CPU
		{612AC304-F3D2-4AD5-BF2D-79826277F4E6}.ComplexCase|Any CPU.Build.0 = ComplexCase|Any CPU
		{612AC304-F3D2-4AD5-BF2D-79826277F4E6}.Debug|Any CPU.ActiveCfg = Debug|Any CPU
		{612AC304-F3D2-4AD5-BF2D-79826277F4E6}.Debug|Any CPU.Build.0 = Debug|Any CPU
		{612AC304-F3D2-4AD5-BF2D-79826277F4E6}.Release|Any CPU.ActiveCfg = Release|Any CPU
		{612AC304-F3D2-4AD5-BF2D-79826277F4E6}.Release|Any CPU.Build.0 = Release|Any CPU
		{B877C287-E335-49AD-9ABA-D522A6C6AA9D}.ComplexCase|Any CPU.ActiveCfg = ComplexCase|Any CPU
		{B877C287-E335-49AD-9ABA-D522A6C6AA9D}.ComplexCase|Any CPU.Build.0 = ComplexCase|Any CPU
		{B877C287-E335-49AD-9ABA-D522A6C6AA9D}.Debug|Any CPU.ActiveCfg = Debug|Any CPU
		{B877C287-E335-49AD-9ABA-D522A6C6AA9D}.Debug|Any CPU.Build.0 = Debug|Any CPU
		{B877C287-E335-49AD-9ABA-D522A6C6AA9D}.Release|Any CPU.ActiveCfg = Release|Any CPU
		{B877C287-E335-49AD-9ABA-D522A6C6AA9D}.Release|Any CPU.Build.0 = Release|Any CPU
	EndGlobalSection
	GlobalSection(SolutionProperties) = preSolution
		HideSolutionNode = FALSE
	EndGlobalSection
	GlobalSection(ExtensibilityGlobals) = postSolution
		SolutionGuid = {B17830D0-238B-432A-A32D-600928A20B2E}
	EndGlobalSection
EndGlobal
