
Microsoft Visual Studio Solution File, Format Version 10.00
# Visual Studio 2008
Project("{D183A3D8-5FD8-494B-B014-37F57B35E655}") = "IISLogReader", "IISLogReader\IISLogReader.dtproj", "{E38DBC11-621E-4D36-8693-3BF6AD0273A6}"
EndProject
Global
	GlobalSection(SolutionConfigurationPlatforms) = preSolution
		Development|Default = Development|Default
	EndGlobalSection
	GlobalSection(ProjectConfigurationPlatforms) = postSolution
		{E38DBC11-621E-4D36-8693-3BF6AD0273A6}.Development|Default.ActiveCfg = Development
		{E38DBC11-621E-4D36-8693-3BF6AD0273A6}.Development|Default.Build.0 = Development
	EndGlobalSection
	GlobalSection(SolutionProperties) = preSolution
		HideSolutionNode = FALSE
	EndGlobalSection
EndGlobal
