
Microsoft Visual Studio Solution File, Format Version 10.00
# Visual Studio 2008
Project("{D183A3D8-5FD8-494B-B014-37F57B35E655}") = "OffersReporting", "OffersReporting\OffersReporting.dtproj", "{840C82BC-952D-4415-A621-1F1B1797AA8E}"
EndProject
Global
	GlobalSection(SolutionConfigurationPlatforms) = preSolution
		Development|Default = Development|Default
	EndGlobalSection
	GlobalSection(ProjectConfigurationPlatforms) = postSolution
		{840C82BC-952D-4415-A621-1F1B1797AA8E}.Development|Default.ActiveCfg = Development
		{840C82BC-952D-4415-A621-1F1B1797AA8E}.Development|Default.Build.0 = Development
	EndGlobalSection
	GlobalSection(SolutionProperties) = preSolution
		HideSolutionNode = FALSE
	EndGlobalSection
EndGlobal
