
Microsoft Visual Studio Solution File, Format Version 10.00
# Visual Studio 2008
Project("{D183A3D8-5FD8-494B-B014-37F57B35E655}") = "Clearinghouse", "Clearinghouse\Clearinghouse.dtproj", "{535FC5FF-31AF-4E6C-875F-B7F2858DC067}"
EndProject
Global
	GlobalSection(SolutionConfigurationPlatforms) = preSolution
		Development|Default = Development|Default
	EndGlobalSection
	GlobalSection(ProjectConfigurationPlatforms) = postSolution
		{535FC5FF-31AF-4E6C-875F-B7F2858DC067}.Development|Default.ActiveCfg = Development
		{535FC5FF-31AF-4E6C-875F-B7F2858DC067}.Development|Default.Build.0 = Development
	EndGlobalSection
	GlobalSection(SolutionProperties) = preSolution
		HideSolutionNode = FALSE
	EndGlobalSection
EndGlobal
