
Microsoft Visual Studio Solution File, Format Version 10.00
# Visual Studio 2008
Project("{D183A3D8-5FD8-494B-B014-37F57B35E655}") = "HighmarkWeeklyIdentificationReport", "HighmarkWeeklyIdentificationReport.dtproj", "{5E0FF8DD-9E7A-45F6-B95C-13CC86B68FA1}"
EndProject
Global
	GlobalSection(SolutionConfigurationPlatforms) = preSolution
		Development|Default = Development|Default
	EndGlobalSection
	GlobalSection(ProjectConfigurationPlatforms) = postSolution
		{5E0FF8DD-9E7A-45F6-B95C-13CC86B68FA1}.Development|Default.ActiveCfg = Development
		{5E0FF8DD-9E7A-45F6-B95C-13CC86B68FA1}.Development|Default.Build.0 = Development
	EndGlobalSection
	GlobalSection(SolutionProperties) = preSolution
		HideSolutionNode = FALSE
	EndGlobalSection
EndGlobal
