
Microsoft Visual Studio Solution File, Format Version 12.00
# Visual Studio 15
VisualStudioVersion = 15.0.28307.136
MinimumVisualStudioVersion = 10.0.40219.1
Project("{FAE04EC0-301F-11D3-BF4B-00C04F79EFBC}") = "AdHocCampaignRunner", "AdHocCampaignRunner\AdHocCampaignRunner.csproj", "{14E52186-556D-4756-BF18-98CACD75AFEE}"
EndProject
Project("{FAE04EC0-301F-11D3-BF4B-00C04F79EFBC}") = "CheckRunAdHocCampaigns", "CheckRunAdHocCampaigns\CheckRunAdHocCampaigns.csproj", "{F4FE98A2-47B1-42F0-B4A7-212F75866482}"
EndProject
Project("{FAE04EC0-301F-11D3-BF4B-00C04F79EFBC}") = "AdHocCampaignExcelHelper", "..\AdHocCampaignExcelHelper\AdHocCampaignExcelHelper\AdHocCampaignExcelHelper.csproj", "{38CA90D8-9D08-4B44-B5FD-878F71207F4B}"
EndProject
Global
	GlobalSection(SolutionConfigurationPlatforms) = preSolution
		Debug|Any CPU = Debug|Any CPU
		FakeQA|Any CPU = FakeQA|Any CPU
		QA|Any CPU = QA|Any CPU
		Release|Any CPU = Release|Any CPU
	EndGlobalSection
	GlobalSection(ProjectConfigurationPlatforms) = postSolution
		{14E52186-556D-4756-BF18-98CACD75AFEE}.Debug|Any CPU.ActiveCfg = Debug|Any CPU
		{14E52186-556D-4756-BF18-98CACD75AFEE}.Debug|Any CPU.Build.0 = Debug|Any CPU
		{14E52186-556D-4756-BF18-98CACD75AFEE}.FakeQA|Any CPU.ActiveCfg = FakeQA|Any CPU
		{14E52186-556D-4756-BF18-98CACD75AFEE}.FakeQA|Any CPU.Build.0 = FakeQA|Any CPU
		{14E52186-556D-4756-BF18-98CACD75AFEE}.QA|Any CPU.ActiveCfg = QA|Any CPU
		{14E52186-556D-4756-BF18-98CACD75AFEE}.QA|Any CPU.Build.0 = QA|Any CPU
		{14E52186-556D-4756-BF18-98CACD75AFEE}.Release|Any CPU.ActiveCfg = Release|Any CPU
		{14E52186-556D-4756-BF18-98CACD75AFEE}.Release|Any CPU.Build.0 = Release|Any CPU
		{F4FE98A2-47B1-42F0-B4A7-212F75866482}.Debug|Any CPU.ActiveCfg = Debug|Any CPU
		{F4FE98A2-47B1-42F0-B4A7-212F75866482}.Debug|Any CPU.Build.0 = Debug|Any CPU
		{F4FE98A2-47B1-42F0-B4A7-212F75866482}.FakeQA|Any CPU.ActiveCfg = FakeQA|Any CPU
		{F4FE98A2-47B1-42F0-B4A7-212F75866482}.FakeQA|Any CPU.Build.0 = FakeQA|Any CPU
		{F4FE98A2-47B1-42F0-B4A7-212F75866482}.QA|Any CPU.ActiveCfg = QA|Any CPU
		{F4FE98A2-47B1-42F0-B4A7-212F75866482}.QA|Any CPU.Build.0 = QA|Any CPU
		{F4FE98A2-47B1-42F0-B4A7-212F75866482}.Release|Any CPU.ActiveCfg = Release|Any CPU
		{F4FE98A2-47B1-42F0-B4A7-212F75866482}.Release|Any CPU.Build.0 = Release|Any CPU
		{38CA90D8-9D08-4B44-B5FD-878F71207F4B}.Debug|Any CPU.ActiveCfg = Debug|Any CPU
		{38CA90D8-9D08-4B44-B5FD-878F71207F4B}.Debug|Any CPU.Build.0 = Debug|Any CPU
		{38CA90D8-9D08-4B44-B5FD-878F71207F4B}.FakeQA|Any CPU.ActiveCfg = FakeQA|Any CPU
		{38CA90D8-9D08-4B44-B5FD-878F71207F4B}.FakeQA|Any CPU.Build.0 = FakeQA|Any CPU
		{38CA90D8-9D08-4B44-B5FD-878F71207F4B}.QA|Any CPU.ActiveCfg = QA|Any CPU
		{38CA90D8-9D08-4B44-B5FD-878F71207F4B}.QA|Any CPU.Build.0 = QA|Any CPU
		{38CA90D8-9D08-4B44-B5FD-878F71207F4B}.Release|Any CPU.ActiveCfg = Release|Any CPU
		{38CA90D8-9D08-4B44-B5FD-878F71207F4B}.Release|Any CPU.Build.0 = Release|Any CPU
	EndGlobalSection
	GlobalSection(SolutionProperties) = preSolution
		HideSolutionNode = FALSE
	EndGlobalSection
	GlobalSection(ExtensibilityGlobals) = postSolution
		SolutionGuid = {55F180E8-C96C-4866-BB94-B2A088089C42}
	EndGlobalSection
EndGlobal
