
Microsoft Visual Studio Solution File, Format Version 12.00
# Visual Studio 15
VisualStudioVersion = 15.0.26730.12
MinimumVisualStudioVersion = 10.0.40219.1
Project("{FAE04EC0-301F-11D3-BF4B-00C04F79EFBC}") = "PDFConverter", "PDFConverter\PDFConverter.csproj", "{3FA1C9B3-F6FA-4D44-8D6A-11BB2A390726}"
EndProject
Project("{FAE04EC0-301F-11D3-BF4B-00C04F79EFBC}") = "WordToPDF", "WordToPDF\WordToPDF.csproj", "{DB726B97-A4F2-405F-9618-70E4D63661C5}"
EndProject
Project("{FAE04EC0-301F-11D3-BF4B-00C04F79EFBC}") = "ExcelToPDF", "ExcelToPDF\ExcelToPDF.csproj", "{4207C342-9850-419F-B6D0-2862AE54F465}"
EndProject
Global
	GlobalSection(SolutionConfigurationPlatforms) = preSolution
		Debug|Any CPU = Debug|Any CPU
		Release|Any CPU = Release|Any CPU
	EndGlobalSection
	GlobalSection(ProjectConfigurationPlatforms) = postSolution
		{3FA1C9B3-F6FA-4D44-8D6A-11BB2A390726}.Debug|Any CPU.ActiveCfg = Debug|Any CPU
		{3FA1C9B3-F6FA-4D44-8D6A-11BB2A390726}.Debug|Any CPU.Build.0 = Debug|Any CPU
		{3FA1C9B3-F6FA-4D44-8D6A-11BB2A390726}.Release|Any CPU.ActiveCfg = Release|Any CPU
		{3FA1C9B3-F6FA-4D44-8D6A-11BB2A390726}.Release|Any CPU.Build.0 = Release|Any CPU
		{DB726B97-A4F2-405F-9618-70E4D63661C5}.Debug|Any CPU.ActiveCfg = Debug|Any CPU
		{DB726B97-A4F2-405F-9618-70E4D63661C5}.Debug|Any CPU.Build.0 = Debug|Any CPU
		{DB726B97-A4F2-405F-9618-70E4D63661C5}.Release|Any CPU.ActiveCfg = Release|Any CPU
		{DB726B97-A4F2-405F-9618-70E4D63661C5}.Release|Any CPU.Build.0 = Release|Any CPU
		{4207C342-9850-419F-B6D0-2862AE54F465}.Debug|Any CPU.ActiveCfg = Debug|Any CPU
		{4207C342-9850-419F-B6D0-2862AE54F465}.Debug|Any CPU.Build.0 = Debug|Any CPU
		{4207C342-9850-419F-B6D0-2862AE54F465}.Release|Any CPU.ActiveCfg = Release|Any CPU
		{4207C342-9850-419F-B6D0-2862AE54F465}.Release|Any CPU.Build.0 = Release|Any CPU
	EndGlobalSection
	GlobalSection(SolutionProperties) = preSolution
		HideSolutionNode = FALSE
	EndGlobalSection
	GlobalSection(ExtensibilityGlobals) = postSolution
		SolutionGuid = {42C82081-C8F3-4BB9-826C-72A4D11A43CF}
	EndGlobalSection
EndGlobal
