
Microsoft Visual Studio Solution File, Format Version 10.00
# Visual Studio 2008
Project("{D183A3D8-5FD8-494B-B014-37F57B35E655}") = "UTCOffsetLoader", "UTCOffsetLoader.dtproj", "{B092E0C2-B60E-4F23-BAD7-D04EDD71A6C5}"
EndProject
Global
	GlobalSection(SolutionConfigurationPlatforms) = preSolution
		Development|Default = Development|Default
	EndGlobalSection
	GlobalSection(ProjectConfigurationPlatforms) = postSolution
		{B092E0C2-B60E-4F23-BAD7-D04EDD71A6C5}.Development|Default.ActiveCfg = Development
		{B092E0C2-B60E-4F23-BAD7-D04EDD71A6C5}.Development|Default.Build.0 = Development
	EndGlobalSection
	GlobalSection(SolutionProperties) = preSolution
		HideSolutionNode = FALSE
	EndGlobalSection
EndGlobal
