
Microsoft Visual Studio Solution File, Format Version 10.00
# Visual Studio 2008
Project("{D183A3D8-5FD8-494B-B014-37F57B35E655}") = "UpdateComplianceBaseData", "UpdateComplianceBaseData.dtproj", "{454E4052-EFE5-4DC7-B41D-02DC0BE64999}"
EndProject
Global
	GlobalSection(SolutionConfigurationPlatforms) = preSolution
		Development|Default = Development|Default
	EndGlobalSection
	GlobalSection(ProjectConfigurationPlatforms) = postSolution
		{454E4052-EFE5-4DC7-B41D-02DC0BE64999}.Development|Default.ActiveCfg = Development
		{454E4052-EFE5-4DC7-B41D-02DC0BE64999}.Development|Default.Build.0 = Development
	EndGlobalSection
	GlobalSection(SolutionProperties) = preSolution
		HideSolutionNode = FALSE
	EndGlobalSection
EndGlobal
