Microsoft Visual Studio Solution File, Format Version 12.00
# Visual Studio 14
VisualStudioVersion = 14.0.23107.0
MinimumVisualStudioVersion = 10.0.40219.1
Project("{D183A3D8-5FD8-494B-B014-37F57B35E655}") = "com.pharmmd.outboundDataFeed.Highmark", "com.pharmmd.outboundDataFeed.MTM\com.pharmmd.outboundDataFeed.MTM.dtproj", "{CD87FC40-3FBB-4595-B6E5-3AF15C2EEBE8}"
EndProject
Global
	GlobalSection(SolutionConfigurationPlatforms) = preSolution
		Development|Default = Development|Default
	EndGlobalSection
	GlobalSection(ProjectConfigurationPlatforms) = postSolution
		{CD87FC40-3FBB-4595-B6E5-3AF15C2EEBE8}.Development|Default.ActiveCfg = Development
		{CD87FC40-3FBB-4595-B6E5-3AF15C2EEBE8}.Development|Default.Build.0 = Development
	EndGlobalSection
	GlobalSection(SolutionProperties) = preSolution
		HideSolutionNode = FALSE
	EndGlobalSection
	GlobalSection(ExtensibilityGlobals) = postSolution
		VisualSVNWorkingCopyRoot = .
	EndGlobalSection
EndGlobal
