
Microsoft Visual Studio Solution File, Format Version 10.00
# Visual Studio 2008
Project("{D183A3D8-5FD8-494B-B014-37F57B35E655}") = "LogoImportUpdate", "LogoImportUpdate.dtproj", "{88088180-155B-4B18-8470-E2D2E3CC5C4E}"
EndProject
Global
	GlobalSection(SolutionConfigurationPlatforms) = preSolution
		Development|Default = Development|Default
	EndGlobalSection
	GlobalSection(ProjectConfigurationPlatforms) = postSolution
		{88088180-155B-4B18-8470-E2D2E3CC5C4E}.Development|Default.ActiveCfg = Development
		{88088180-155B-4B18-8470-E2D2E3CC5C4E}.Development|Default.Build.0 = Development
	EndGlobalSection
	GlobalSection(SolutionProperties) = preSolution
		HideSolutionNode = FALSE
	EndGlobalSection
EndGlobal
