
Microsoft Visual Studio Solution File, Format Version 10.00
# Visual Studio 2008
Project("{D183A3D8-5FD8-494B-B014-37F57B35E655}") = "com.pharmmd.reporting.HighmarkWklyIdentificationRpt", "com.pharmmd.reporting.HighmarkWklyIdentificationRpt.dtproj", "{182D6403-C591-4C8A-B7FA-3AD38C6925E4}"
EndProject
Global
	GlobalSection(SolutionConfigurationPlatforms) = preSolution
		Development|Default = Development|Default
	EndGlobalSection
	GlobalSection(ProjectConfigurationPlatforms) = postSolution
		{182D6403-C591-4C8A-B7FA-3AD38C6925E4}.Development|Default.ActiveCfg = Development
		{182D6403-C591-4C8A-B7FA-3AD38C6925E4}.Development|Default.Build.0 = Development
	EndGlobalSection
	GlobalSection(SolutionProperties) = preSolution
		HideSolutionNode = FALSE
	EndGlobalSection
EndGlobal
