
Microsoft Visual Studio Solution File, Format Version 10.00
# Visual Studio 2008
Project("{D183A3D8-5FD8-494B-B014-37F57B35E655}") = "TMRUpdate_second_step", "TMRUpdate_second_step.dtproj", "{BC2BDFCF-48DA-4A14-9AD8-CD9D67CB10C9}"
EndProject
Global
	GlobalSection(SolutionConfigurationPlatforms) = preSolution
		Development|Default = Development|Default
	EndGlobalSection
	GlobalSection(ProjectConfigurationPlatforms) = postSolution
		{BC2BDFCF-48DA-4A14-9AD8-CD9D67CB10C9}.Development|Default.ActiveCfg = Development
		{BC2BDFCF-48DA-4A14-9AD8-CD9D67CB10C9}.Development|Default.Build.0 = Development
	EndGlobalSection
	GlobalSection(SolutionProperties) = preSolution
		HideSolutionNode = FALSE
	EndGlobalSection
EndGlobal
