Microsoft Visual Studio Solution File, Format Version 10.00
# Visual Studio 2008
Project("{D183A3D8-5FD8-494B-B014-37F57B35E655}") = "ClientNightlyExtracts", "NightlyClientExtracts\ClientNightlyExtracts.dtproj", "{97903888-3F7D-4689-A33D-6D54F3C22F99}"
EndProject
Global
	GlobalSection(SolutionConfigurationPlatforms) = preSolution
		Development|Default = Development|Default
		Release|Default = Release|Default
	EndGlobalSection
	GlobalSection(ProjectConfigurationPlatforms) = postSolution
		{97903888-3F7D-4689-A33D-6D54F3C22F99}.Development|Default.ActiveCfg = Development
		{97903888-3F7D-4689-A33D-6D54F3C22F99}.Development|Default.Build.0 = Development
		{97903888-3F7D-4689-A33D-6D54F3C22F99}.Release|Default.ActiveCfg = Release
		{97903888-3F7D-4689-A33D-6D54F3C22F99}.Release|Default.Build.0 = Release
	EndGlobalSection
	GlobalSection(SolutionProperties) = preSolution
		HideSolutionNode = FALSE
	EndGlobalSection
EndGlobal
