
Microsoft Visual Studio Solution File, Format Version 10.00
# Visual Studio 2008
Project("{D183A3D8-5FD8-494B-B014-37F57B35E655}") = "ImportProviderNumberUpdates", "ImportProviderNumberUpdates.dtproj", "{FFE34B53-1F68-4D45-85B0-A1AC3DE16F68}"
EndProject
Global
	GlobalSection(SolutionConfigurationPlatforms) = preSolution
		Development|Default = Development|Default
	EndGlobalSection
	GlobalSection(ProjectConfigurationPlatforms) = postSolution
		{FFE34B53-1F68-4D45-85B0-A1AC3DE16F68}.Development|Default.ActiveCfg = Development
		{FFE34B53-1F68-4D45-85B0-A1AC3DE16F68}.Development|Default.Build.0 = Development
	EndGlobalSection
	GlobalSection(SolutionProperties) = preSolution
		HideSolutionNode = FALSE
	EndGlobalSection
EndGlobal
