
Microsoft Visual Studio Solution File, Format Version 10.00
# Visual Studio 2008
Project("{D183A3D8-5FD8-494B-B014-37F57B35E655}") = "LastDispositionOutcomeReport", "LastDispositionOutcomeReport.dtproj", "{F7E4D9B8-F284-4591-B947-0E1B13B39E92}"
EndProject
Global
	GlobalSection(SolutionConfigurationPlatforms) = preSolution
		Development|Default = Development|Default
	EndGlobalSection
	GlobalSection(ProjectConfigurationPlatforms) = postSolution
		{F7E4D9B8-F284-4591-B947-0E1B13B39E92}.Development|Default.ActiveCfg = Development
		{F7E4D9B8-F284-4591-B947-0E1B13B39E92}.Development|Default.Build.0 = Development
	EndGlobalSection
	GlobalSection(SolutionProperties) = preSolution
		HideSolutionNode = FALSE
	EndGlobalSection
EndGlobal
