
Microsoft Visual Studio Solution File, Format Version 10.00
# Visual Studio 2008
Project("{D183A3D8-5FD8-494B-B014-37F57B35E655}") = "FulfillmentOverDueReport", "FulfillmentOverDueReport\FulfillmentOverDueReport.dtproj", "{112CC015-BEE0-485B-9487-55B3C9E09B3C}"
EndProject
Global
	GlobalSection(SolutionConfigurationPlatforms) = preSolution
		Development|Default = Development|Default
	EndGlobalSection
	GlobalSection(ProjectConfigurationPlatforms) = postSolution
		{112CC015-BEE0-485B-9487-55B3C9E09B3C}.Development|Default.ActiveCfg = Development
		{112CC015-BEE0-485B-9487-55B3C9E09B3C}.Development|Default.Build.0 = Development
	EndGlobalSection
	GlobalSection(SolutionProperties) = preSolution
		HideSolutionNode = FALSE
	EndGlobalSection
EndGlobal
