
Microsoft Visual Studio Solution File, Format Version 10.00
# Visual Studio 2008
Project("{D183A3D8-5FD8-494B-B014-37F57B35E655}") = "TimeZone Updates Postgres", "TimeZone Updates Postgres\TimeZone Updates Postgres.dtproj", "{0176F4E3-BDB7-4EE3-9C9A-E520F7756168}"
EndProject
Global
	GlobalSection(SolutionConfigurationPlatforms) = preSolution
		Development|Default = Development|Default
	EndGlobalSection
	GlobalSection(ProjectConfigurationPlatforms) = postSolution
		{0176F4E3-BDB7-4EE3-9C9A-E520F7756168}.Development|Default.ActiveCfg = Development
		{0176F4E3-BDB7-4EE3-9C9A-E520F7756168}.Development|Default.Build.0 = Development
	EndGlobalSection
	GlobalSection(SolutionProperties) = preSolution
		HideSolutionNode = FALSE
	EndGlobalSection
EndGlobal
