
Microsoft Visual Studio Solution File, Format Version 10.00
# Visual Studio 2008
Project("{D183A3D8-5FD8-494B-B014-37F57B35E655}") = "SQLToReportOutbound Shell", "SQLToReportOutbound Shell\SQLToReportOutbound Shell.dtproj", "{C73D3384-EEB3-4F57-B51D-E34C8E8DC181}"
EndProject
Global
	GlobalSection(SolutionConfigurationPlatforms) = preSolution
		Development|Default = Development|Default
	EndGlobalSection
	GlobalSection(ProjectConfigurationPlatforms) = postSolution
		{C73D3384-EEB3-4F57-B51D-E34C8E8DC181}.Development|Default.ActiveCfg = Development
		{C73D3384-EEB3-4F57-B51D-E34C8E8DC181}.Development|Default.Build.0 = Development
	EndGlobalSection
	GlobalSection(SolutionProperties) = preSolution
		HideSolutionNode = FALSE
	EndGlobalSection
EndGlobal
