
Microsoft Visual Studio Solution File, Format Version 12.00
# Visual Studio 14
VisualStudioVersion = 14.0.23107.0
MinimumVisualStudioVersion = 10.0.40219.1
Project("{159641D6-6404-4A2A-AE62-294DE0FE8301}") = "TMRUpdate_second_step", "TMRUpdate_second_step\TMRUpdate_second_step.dtproj", "{AEFB01D5-0FD7-4BCF-95AC-8C7B2EDA9F5C}"
EndProject
Global
	GlobalSection(SolutionConfigurationPlatforms) = preSolution
		Development|Default = Development|Default
	EndGlobalSection
	GlobalSection(ProjectConfigurationPlatforms) = postSolution
		{AEFB01D5-0FD7-4BCF-95AC-8C7B2EDA9F5C}.Development|Default.ActiveCfg = Development
		{AEFB01D5-0FD7-4BCF-95AC-8C7B2EDA9F5C}.Development|Default.Build.0 = Development
	EndGlobalSection
	GlobalSection(SolutionProperties) = preSolution
		HideSolutionNode = FALSE
	EndGlobalSection
EndGlobal
