
Microsoft Visual Studio Solution File, Format Version 10.00
# Visual Studio 2008
Project("{D183A3D8-5FD8-494B-B014-37F57B35E655}") = "Highmark_Daily", "Highmark_Daily.dtproj", "{76287DFC-BD13-41EE-A9FE-ADBE210EED9E}"
EndProject
Global
	GlobalSection(SolutionConfigurationPlatforms) = preSolution
		Development|Default = Development|Default
	EndGlobalSection
	GlobalSection(ProjectConfigurationPlatforms) = postSolution
		{76287DFC-BD13-41EE-A9FE-ADBE210EED9E}.Development|Default.ActiveCfg = Development
		{76287DFC-BD13-41EE-A9FE-ADBE210EED9E}.Development|Default.Build.0 = Development
	EndGlobalSection
	GlobalSection(SolutionProperties) = preSolution
		HideSolutionNode = FALSE
	EndGlobalSection
EndGlobal
