
Microsoft Visual Studio Solution File, Format Version 10.00
# Visual Studio 2008
Project("{D183A3D8-5FD8-494B-B014-37F57B35E655}") = "ReturnedLetters", "ReturnedLetters\ReturnedLetters.dtproj", "{5CD8D083-DB68-4F6C-8DBF-FDDBEF18E87A}"
EndProject
Global
	GlobalSection(SolutionConfigurationPlatforms) = preSolution
		Development|Default = Development|Default
	EndGlobalSection
	GlobalSection(ProjectConfigurationPlatforms) = postSolution
		{5CD8D083-DB68-4F6C-8DBF-FDDBEF18E87A}.Development|Default.ActiveCfg = Development
		{5CD8D083-DB68-4F6C-8DBF-FDDBEF18E87A}.Development|Default.Build.0 = Development
	EndGlobalSection
	GlobalSection(SolutionProperties) = preSolution
		HideSolutionNode = FALSE
	EndGlobalSection
EndGlobal
