
Microsoft Visual Studio Solution File, Format Version 10.00
# Visual Studio 2008
Project("{D183A3D8-5FD8-494B-B014-37F57B35E655}") = "OfferLetterMailDate", "OfferLetterMailDate.dtproj", "{F1B8594D-3941-4CEE-9EE0-6ABBB378A4C1}"
EndProject
Global
	GlobalSection(SolutionConfigurationPlatforms) = preSolution
		Development|Default = Development|Default
	EndGlobalSection
	GlobalSection(ProjectConfigurationPlatforms) = postSolution
		{F1B8594D-3941-4CEE-9EE0-6ABBB378A4C1}.Development|Default.ActiveCfg = Development
		{F1B8594D-3941-4CEE-9EE0-6ABBB378A4C1}.Development|Default.Build.0 = Development
	EndGlobalSection
	GlobalSection(SolutionProperties) = preSolution
		HideSolutionNode = FALSE
	EndGlobalSection
EndGlobal
