
Microsoft Visual Studio Solution File, Format Version 10.00
# Visual Studio 2008
Project("{D183A3D8-5FD8-494B-B014-37F57B35E655}") = "PrescriberRecommendationReport", "PrescriberRecommendationReport\PrescriberRecommendationReport.dtproj", "{1FD9ED7E-49AD-4766-9887-35A20BF199A8}"
EndProject
Global
	GlobalSection(SolutionConfigurationPlatforms) = preSolution
		Development|Default = Development|Default
	EndGlobalSection
	GlobalSection(ProjectConfigurationPlatforms) = postSolution
		{1FD9ED7E-49AD-4766-9887-35A20BF199A8}.Development|Default.ActiveCfg = Development
		{1FD9ED7E-49AD-4766-9887-35A20BF199A8}.Development|Default.Build.0 = Development
	EndGlobalSection
	GlobalSection(SolutionProperties) = preSolution
		HideSolutionNode = FALSE
	EndGlobalSection
EndGlobal
