
Microsoft Visual Studio Solution File, Format Version 10.00
# Visual Studio 2008
Project("{D183A3D8-5FD8-494B-B014-37F57B35E655}") = "StarsAdherenceMembersToday", "StarsAdherenceMembersToday\StarsAdherenceMembersToday.dtproj", "{DFE3B3C0-EE5F-4F90-97B1-09164816FFA8}"
EndProject
Global
	GlobalSection(SolutionConfigurationPlatforms) = preSolution
		Development|Default = Development|Default
	EndGlobalSection
	GlobalSection(ProjectConfigurationPlatforms) = postSolution
		{DFE3B3C0-EE5F-4F90-97B1-09164816FFA8}.Development|Default.ActiveCfg = Development
		{DFE3B3C0-EE5F-4F90-97B1-09164816FFA8}.Development|Default.Build.0 = Development
	EndGlobalSection
	GlobalSection(SolutionProperties) = preSolution
		HideSolutionNode = FALSE
	EndGlobalSection
EndGlobal
